
Microsoft Visual Studio Solution File, Format Version 12.00
Project("{FAE04EC0-301F-11D3-BF4B-00C04F79EFBC}") = "Ra3SolutionTest", "Ra3SolutionTest\Ra3SolutionTest.csproj", "{E6C81B1E-F194-498D-9CB9-D079DC5DB5CA}"
EndProject
Project("{FAE04EC0-301F-11D3-BF4B-00C04F79EFBC}") = "MapCoreLib", "MapCoreLib\MapCoreLib.csproj", "{4F2CE623-5AA2-46BD-9A78-5EB1522C09B3}"
EndProject
Project("{FAE04EC0-301F-11D3-BF4B-00C04F79EFBC}") = "Ra3ModBuilder", "Ra3ModBuilder\Ra3ModBuilder.csproj", "{D3CACEE7-C9E5-4C7D-85C7-AD0593793074}"
EndProject
Project("{FAE04EC0-301F-11D3-BF4B-00C04F79EFBC}") = "CampaignBuilder", "CampaignBuilder\CampaignBuilder.csproj", "{A6DC8A74-E82C-4684-B62B-EF246E649BB0}"
EndProject
Project("{FAE04EC0-301F-11D3-BF4B-00C04F79EFBC}") = "MapMixerConsole", "MapMixerConsole\MapMixerConsole.csproj", "{3B7289F7-388F-4E15-96C0-91DDF6BE4427}"
EndProject
Project("{FAE04EC0-301F-11D3-BF4B-00C04F79EFBC}") = "MapSchemaGen", "MapSchemaGen\MapSchemaGen.csproj", "{73C32E44-9BC6-42B8-82A0-E591CC75BC57}"
EndProject
Project("{FAE04EC0-301F-11D3-BF4B-00C04F79EFBC}") = "Ra3MapWiki", "Ra3MapWiki\Ra3MapWiki.csproj", "{E36CB344-3E3F-4E91-9913-185A0FA45180}"
EndProject
Project("{FAE04EC0-301F-11D3-BF4B-00C04F79EFBC}") = "WbHelper", "WbHelper\WbHelper.csproj", "{70FD6E2F-9164-4656-8C48-85A731EFB7C0}"
EndProject
Project("{FAE04EC0-301F-11D3-BF4B-00C04F79EFBC}") = "WbInjector", "WbInjector\WbInjector.csproj", "{D7355A65-2C55-4C33-BF97-A94AECCCD940}"
EndProject
Project("{FAE04EC0-301F-11D3-BF4B-00C04F79EFBC}") = "NetNativeBridge", "NetNativeBridge\NetNativeBridge.csproj", "{F2EA1652-DE03-42FE-8457-D7332B78F771}"
EndProject
Project("{FAE04EC0-301F-11D3-BF4B-00C04F79EFBC}") = "NetUI", "NetUI\NetUI.csproj", "{E9E6DF8A-AAC2-4474-B13A-E2E47F39027A}"
EndProject
Project("{FAE04EC0-301F-11D3-BF4B-00C04F79EFBC}") = "WbLauncher", "WbLauncher\WbLauncher.csproj", "{29058A2E-D549-4E93-A22C-C884B025AFE9}"
EndProject
Project("{FAE04EC0-301F-11D3-BF4B-00C04F79EFBC}") = "CNCBigFile", "CNCBigFile\CNCBigFile.csproj", "{AAD491D4-AE84-419E-9EDD-7A9356A67770}"
EndProject
Project("{FAE04EC0-301F-11D3-BF4B-00C04F79EFBC}") = "Downloader", "Downloader\Downloader.csproj", "{69576A42-04A8-423B-B2AD-4E75CFF9ABF0}"
EndProject
Project("{FAE04EC0-301F-11D3-BF4B-00C04F79EFBC}") = "EnvSetter", "EnvSetter\EnvSetter.csproj", "{3A861965-66EC-456B-988D-8CF13FE10307}"
EndProject
Project("{FAE04EC0-301F-11D3-BF4B-00C04F79EFBC}") = "MapDetailsGenerator", "MapDetailsGenerator\MapDetailsGenerator.csproj", "{44DB7F3C-C38F-4AB6-8E50-61ADCE5A8EF8}"
EndProject
Project("{FAE04EC0-301F-11D3-BF4B-00C04F79EFBC}") = "AptLib", "AptLib\AptLib.csproj", "{6F749E5F-8238-4DBE-A45B-756AB410E6CA}"
EndProject
Global
	GlobalSection(SolutionConfigurationPlatforms) = preSolution
		Debug|Any CPU = Debug|Any CPU
		Debug|x86 = Debug|x86
		Release|Any CPU = Release|Any CPU
	EndGlobalSection
	GlobalSection(ProjectConfigurationPlatforms) = postSolution
		{E6C81B1E-F194-498D-9CB9-D079DC5DB5CA}.Debug|Any CPU.ActiveCfg = Debug|Any CPU
		{E6C81B1E-F194-498D-9CB9-D079DC5DB5CA}.Debug|Any CPU.Build.0 = Debug|Any CPU
		{E6C81B1E-F194-498D-9CB9-D079DC5DB5CA}.Release|Any CPU.ActiveCfg = Release|Any CPU
		{E6C81B1E-F194-498D-9CB9-D079DC5DB5CA}.Release|Any CPU.Build.0 = Release|Any CPU
		{E6C81B1E-F194-498D-9CB9-D079DC5DB5CA}.Debug|x86.ActiveCfg = Debug|x86
		{E6C81B1E-F194-498D-9CB9-D079DC5DB5CA}.Debug|x86.Build.0 = Debug|x86
		{4F2CE623-5AA2-46BD-9A78-5EB1522C09B3}.Debug|Any CPU.ActiveCfg = Debug|Any CPU
		{4F2CE623-5AA2-46BD-9A78-5EB1522C09B3}.Debug|Any CPU.Build.0 = Debug|Any CPU
		{4F2CE623-5AA2-46BD-9A78-5EB1522C09B3}.Release|Any CPU.ActiveCfg = Release|Any CPU
		{4F2CE623-5AA2-46BD-9A78-5EB1522C09B3}.Release|Any CPU.Build.0 = Release|Any CPU
		{4F2CE623-5AA2-46BD-9A78-5EB1522C09B3}.Debug|x86.ActiveCfg = Debug|x86
		{4F2CE623-5AA2-46BD-9A78-5EB1522C09B3}.Debug|x86.Build.0 = Debug|x86
		{D3CACEE7-C9E5-4C7D-85C7-AD0593793074}.Debug|Any CPU.ActiveCfg = Debug|Any CPU
		{D3CACEE7-C9E5-4C7D-85C7-AD0593793074}.Debug|Any CPU.Build.0 = Debug|Any CPU
		{D3CACEE7-C9E5-4C7D-85C7-AD0593793074}.Release|Any CPU.ActiveCfg = Release|Any CPU
		{D3CACEE7-C9E5-4C7D-85C7-AD0593793074}.Release|Any CPU.Build.0 = Release|Any CPU
		{D3CACEE7-C9E5-4C7D-85C7-AD0593793074}.Debug|x86.ActiveCfg = Debug|x86
		{D3CACEE7-C9E5-4C7D-85C7-AD0593793074}.Debug|x86.Build.0 = Debug|x86
		{A6DC8A74-E82C-4684-B62B-EF246E649BB0}.Debug|Any CPU.ActiveCfg = Debug|Any CPU
		{A6DC8A74-E82C-4684-B62B-EF246E649BB0}.Debug|Any CPU.Build.0 = Debug|Any CPU
		{A6DC8A74-E82C-4684-B62B-EF246E649BB0}.Release|Any CPU.ActiveCfg = Release|Any CPU
		{A6DC8A74-E82C-4684-B62B-EF246E649BB0}.Release|Any CPU.Build.0 = Release|Any CPU
		{A6DC8A74-E82C-4684-B62B-EF246E649BB0}.Debug|x86.ActiveCfg = Debug|x86
		{A6DC8A74-E82C-4684-B62B-EF246E649BB0}.Debug|x86.Build.0 = Debug|x86
		{3B7289F7-388F-4E15-96C0-91DDF6BE4427}.Debug|Any CPU.ActiveCfg = Debug|Any CPU
		{3B7289F7-388F-4E15-96C0-91DDF6BE4427}.Debug|Any CPU.Build.0 = Debug|Any CPU
		{3B7289F7-388F-4E15-96C0-91DDF6BE4427}.Release|Any CPU.ActiveCfg = Release|Any CPU
		{3B7289F7-388F-4E15-96C0-91DDF6BE4427}.Release|Any CPU.Build.0 = Release|Any CPU
		{3B7289F7-388F-4E15-96C0-91DDF6BE4427}.Debug|x86.ActiveCfg = Debug|x86
		{3B7289F7-388F-4E15-96C0-91DDF6BE4427}.Debug|x86.Build.0 = Debug|x86
		{73C32E44-9BC6-42B8-82A0-E591CC75BC57}.Debug|Any CPU.ActiveCfg = Debug|Any CPU
		{73C32E44-9BC6-42B8-82A0-E591CC75BC57}.Debug|Any CPU.Build.0 = Debug|Any CPU
		{73C32E44-9BC6-42B8-82A0-E591CC75BC57}.Release|Any CPU.ActiveCfg = Release|Any CPU
		{73C32E44-9BC6-42B8-82A0-E591CC75BC57}.Release|Any CPU.Build.0 = Release|Any CPU
		{73C32E44-9BC6-42B8-82A0-E591CC75BC57}.Debug|x86.ActiveCfg = Debug|x86
		{73C32E44-9BC6-42B8-82A0-E591CC75BC57}.Debug|x86.Build.0 = Debug|x86
		{E36CB344-3E3F-4E91-9913-185A0FA45180}.Debug|Any CPU.ActiveCfg = Debug|Any CPU
		{E36CB344-3E3F-4E91-9913-185A0FA45180}.Debug|Any CPU.Build.0 = Debug|Any CPU
		{E36CB344-3E3F-4E91-9913-185A0FA45180}.Release|Any CPU.ActiveCfg = Release|Any CPU
		{E36CB344-3E3F-4E91-9913-185A0FA45180}.Release|Any CPU.Build.0 = Release|Any CPU
		{E36CB344-3E3F-4E91-9913-185A0FA45180}.Debug|x86.ActiveCfg = Debug|x86
		{E36CB344-3E3F-4E91-9913-185A0FA45180}.Debug|x86.Build.0 = Debug|x86
		{70FD6E2F-9164-4656-8C48-85A731EFB7C0}.Debug|Any CPU.ActiveCfg = Debug|Any CPU
		{70FD6E2F-9164-4656-8C48-85A731EFB7C0}.Debug|Any CPU.Build.0 = Debug|Any CPU
		{70FD6E2F-9164-4656-8C48-85A731EFB7C0}.Release|Any CPU.ActiveCfg = Release|Any CPU
		{70FD6E2F-9164-4656-8C48-85A731EFB7C0}.Release|Any CPU.Build.0 = Release|Any CPU
		{70FD6E2F-9164-4656-8C48-85A731EFB7C0}.Debug|x86.ActiveCfg = Debug|x86
		{70FD6E2F-9164-4656-8C48-85A731EFB7C0}.Debug|x86.Build.0 = Debug|x86
		{D7355A65-2C55-4C33-BF97-A94AECCCD940}.Debug|Any CPU.ActiveCfg = Debug|Any CPU
		{D7355A65-2C55-4C33-BF97-A94AECCCD940}.Debug|Any CPU.Build.0 = Debug|Any CPU
		{D7355A65-2C55-4C33-BF97-A94AECCCD940}.Release|Any CPU.ActiveCfg = Release|Any CPU
		{D7355A65-2C55-4C33-BF97-A94AECCCD940}.Release|Any CPU.Build.0 = Release|Any CPU
		{D7355A65-2C55-4C33-BF97-A94AECCCD940}.Debug|x86.ActiveCfg = Debug|x86
		{D7355A65-2C55-4C33-BF97-A94AECCCD940}.Debug|x86.Build.0 = Debug|x86
		{F2EA1652-DE03-42FE-8457-D7332B78F771}.Debug|Any CPU.ActiveCfg = Debug|Any CPU
		{F2EA1652-DE03-42FE-8457-D7332B78F771}.Debug|Any CPU.Build.0 = Debug|Any CPU
		{F2EA1652-DE03-42FE-8457-D7332B78F771}.Release|Any CPU.ActiveCfg = Release|Any CPU
		{F2EA1652-DE03-42FE-8457-D7332B78F771}.Release|Any CPU.Build.0 = Release|Any CPU
		{F2EA1652-DE03-42FE-8457-D7332B78F771}.Debug|x86.ActiveCfg = Debug|x86
		{F2EA1652-DE03-42FE-8457-D7332B78F771}.Debug|x86.Build.0 = Debug|x86
		{E9E6DF8A-AAC2-4474-B13A-E2E47F39027A}.Debug|Any CPU.ActiveCfg = Debug|Any CPU
		{E9E6DF8A-AAC2-4474-B13A-E2E47F39027A}.Debug|Any CPU.Build.0 = Debug|Any CPU
		{E9E6DF8A-AAC2-4474-B13A-E2E47F39027A}.Release|Any CPU.ActiveCfg = Release|Any CPU
		{E9E6DF8A-AAC2-4474-B13A-E2E47F39027A}.Release|Any CPU.Build.0 = Release|Any CPU
		{E9E6DF8A-AAC2-4474-B13A-E2E47F39027A}.Debug|x86.ActiveCfg = Debug|x86
		{E9E6DF8A-AAC2-4474-B13A-E2E47F39027A}.Debug|x86.Build.0 = Debug|x86
		{29058A2E-D549-4E93-A22C-C884B025AFE9}.Release|Any CPU.ActiveCfg = Release|Any CPU
		{29058A2E-D549-4E93-A22C-C884B025AFE9}.Release|Any CPU.Build.0 = Release|Any CPU
		{29058A2E-D549-4E93-A22C-C884B025AFE9}.Debug|Any CPU.ActiveCfg = Debug|Any CPU
		{29058A2E-D549-4E93-A22C-C884B025AFE9}.Debug|Any CPU.Build.0 = Debug|Any CPU
		{29058A2E-D549-4E93-A22C-C884B025AFE9}.Debug|x86.ActiveCfg = Debug|x86
		{29058A2E-D549-4E93-A22C-C884B025AFE9}.Debug|x86.Build.0 = Debug|x86
		{AAD491D4-AE84-419E-9EDD-7A9356A67770}.Debug|Any CPU.ActiveCfg = Debug|Any CPU
		{AAD491D4-AE84-419E-9EDD-7A9356A67770}.Debug|Any CPU.Build.0 = Debug|Any CPU
		{AAD491D4-AE84-419E-9EDD-7A9356A67770}.Release|Any CPU.ActiveCfg = Release|Any CPU
		{AAD491D4-AE84-419E-9EDD-7A9356A67770}.Release|Any CPU.Build.0 = Release|Any CPU
		{AAD491D4-AE84-419E-9EDD-7A9356A67770}.Debug|x86.ActiveCfg = Debug|x86
		{AAD491D4-AE84-419E-9EDD-7A9356A67770}.Debug|x86.Build.0 = Debug|x86
		{69576A42-04A8-423B-B2AD-4E75CFF9ABF0}.Debug|Any CPU.ActiveCfg = Debug|Any CPU
		{69576A42-04A8-423B-B2AD-4E75CFF9ABF0}.Debug|Any CPU.Build.0 = Debug|Any CPU
		{69576A42-04A8-423B-B2AD-4E75CFF9ABF0}.Release|Any CPU.ActiveCfg = Release|Any CPU
		{69576A42-04A8-423B-B2AD-4E75CFF9ABF0}.Release|Any CPU.Build.0 = Release|Any CPU
		{69576A42-04A8-423B-B2AD-4E75CFF9ABF0}.Debug|x86.ActiveCfg = Debug|x86
		{69576A42-04A8-423B-B2AD-4E75CFF9ABF0}.Debug|x86.Build.0 = Debug|x86
		{3A861965-66EC-456B-988D-8CF13FE10307}.Debug|Any CPU.ActiveCfg = Debug|Any CPU
		{3A861965-66EC-456B-988D-8CF13FE10307}.Debug|Any CPU.Build.0 = Debug|Any CPU
		{3A861965-66EC-456B-988D-8CF13FE10307}.Release|Any CPU.ActiveCfg = Release|Any CPU
		{3A861965-66EC-456B-988D-8CF13FE10307}.Release|Any CPU.Build.0 = Release|Any CPU
		{3A861965-66EC-456B-988D-8CF13FE10307}.Debug|x86.ActiveCfg = Debug|x86
		{3A861965-66EC-456B-988D-8CF13FE10307}.Debug|x86.Build.0 = Debug|x86
		{44DB7F3C-C38F-4AB6-8E50-61ADCE5A8EF8}.Debug|Any CPU.ActiveCfg = Debug|Any CPU
		{44DB7F3C-C38F-4AB6-8E50-61ADCE5A8EF8}.Debug|Any CPU.Build.0 = Debug|Any CPU
		{44DB7F3C-C38F-4AB6-8E50-61ADCE5A8EF8}.Release|Any CPU.ActiveCfg = Release|Any CPU
		{44DB7F3C-C38F-4AB6-8E50-61ADCE5A8EF8}.Release|Any CPU.Build.0 = Release|Any CPU
		{44DB7F3C-C38F-4AB6-8E50-61ADCE5A8EF8}.Debug|x86.ActiveCfg = Debug|x86
		{44DB7F3C-C38F-4AB6-8E50-61ADCE5A8EF8}.Debug|x86.Build.0 = Debug|x86
		{6F749E5F-8238-4DBE-A45B-756AB410E6CA}.Debug|Any CPU.ActiveCfg = Debug|Any CPU
		{6F749E5F-8238-4DBE-A45B-756AB410E6CA}.Debug|Any CPU.Build.0 = Debug|Any CPU
		{6F749E5F-8238-4DBE-A45B-756AB410E6CA}.Release|Any CPU.ActiveCfg = Release|Any CPU
		{6F749E5F-8238-4DBE-A45B-756AB410E6CA}.Release|Any CPU.Build.0 = Release|Any CPU
		{6F749E5F-8238-4DBE-A45B-756AB410E6CA}.Debug|x86.ActiveCfg = Debug|x86
		{6F749E5F-8238-4DBE-A45B-756AB410E6CA}.Debug|x86.Build.0 = Debug|x86
	EndGlobalSection
EndGlobal
